
Microsoft Visual Studio Solution File, Format Version 12.00
# Visual Studio Version 17
VisualStudioVersion = 17.13.35931.197 d17.13
MinimumVisualStudioVersion = 10.0.40219.1
Project("{8BC9CEB8-8B4A-11D0-8D11-00A0C91BC942}") = "FAR", "FAR\FAR.vcxproj", "{DEE716FC-5497-472A-AF31-45B8D41713E2}"
EndProject
Global
	GlobalSection(SolutionConfigurationPlatforms) = preSolution
		Debug|x64 = Debug|x64
		Debug|x86 = Debug|x86
		Release|x64 = Release|x64
		Release|x86 = Release|x86
	EndGlobalSection
	GlobalSection(ProjectConfigurationPlatforms) = postSolution
		{DEE716FC-5497-472A-AF31-45B8D41713E2}.Debug|x64.ActiveCfg = Debug|x64
		{DEE716FC-5497-472A-AF31-45B8D41713E2}.Debug|x64.Build.0 = Debug|x64
		{DEE716FC-5497-472A-AF31-45B8D41713E2}.Debug|x86.ActiveCfg = Debug|Win32
		{DEE716FC-5497-472A-AF31-45B8D41713E2}.Debug|x86.Build.0 = Debug|Win32
		{DEE716FC-5497-472A-AF31-45B8D41713E2}.Release|x64.ActiveCfg = Release|x64
		{DEE716FC-5497-472A-AF31-45B8D41713E2}.Release|x64.Build.0 = Release|x64
		{DEE716FC-5497-472A-AF31-45B8D41713E2}.Release|x86.ActiveCfg = Release|Win32
		{DEE716FC-5497-472A-AF31-45B8D41713E2}.Release|x86.Build.0 = Release|Win32
	EndGlobalSection
	GlobalSection(SolutionProperties) = preSolution
		HideSolutionNode = FALSE
	EndGlobalSection
	GlobalSection(ExtensibilityGlobals) = postSolution
		SolutionGuid = {99A97AEE-1A97-460F-BF30-156F4D919E63}
	EndGlobalSection
EndGlobal
